# THIS IS AN AUTOGENERATED FILE. DO NOT EDIT THIS FILE DIRECTLY.
# yarn lockfile v1


"@mulmocast/deck@^2.0.0":
  version "2.0.0"
  resolved "https://registry.yarnpkg.com/@mulmocast/deck/-/deck-2.0.0.tgz#e4b6c7079c7100caf53d3f88525d84d361675b9a"
  integrity sha512-XKpytrEidr86dQyJMXEWPEGDrWdHLi/ziECEPC34VugHmsWxu9L3r04T49gAvZMpqBLJ5H478bYrLT8yInET1w==
  dependencies:
    zod "^4.4.3"

"@types/node@^26.0.0":
  version "26.2.0"
  resolved "https://registry.yarnpkg.com/@types/node/-/node-26.2.0.tgz#5a4875a862fda8fdc57de8faa579bb81ecba1685"
  integrity sha512-5IviulTZeRNp2vAJ514cc/HUlY5nZ9fCbq9DMyC52BrhFZACo3nI0R7qBxhQmo/d27NFe96ur/b7Wwxklda+kg==
  dependencies:
    undici-types "~8.3.0"

typescript@6.0.3:
  version "6.0.3"
  resolved "https://registry.yarnpkg.com/typescript/-/typescript-6.0.3.tgz#90251dc007916e972786cb94d74d15b185577d21"
  integrity sha512-y2TvuxSZPDyQakkFRPZHKFm+KKVqIisdg9/CZwm9ftvKXLP8NRWj38/ODjNbr43SsoXqNuAisEf1GdCxqWcdBw==

undici-types@~8.3.0:
  version "8.3.0"
  resolved "https://registry.yarnpkg.com/undici-types/-/undici-types-8.3.0.tgz#44e9fc9f3244648cdea35e4f9bb2d681e9410809"
  integrity sha512-j375ScV60dom+YkPFIfTLcOiPxkN/buHz5GobjLhixFuANaNs3C9l4GmrWqejgXWJ7BbJcFYpTEUkS1Ge8bpZQ==

zod@^4.4.3:
  version "4.4.3"
  resolved "https://npm.flatt.tech/zod/-/zod-4.4.3.tgz#b680f172885d18bbebf21a834ea25e55a1bbf356"
  integrity sha512-ytENFjIJFl2UwYglde2jchW2Hwm4GJFLDiSXWdTrJQBIN9Fcyp7n4DhxJEiWNAJMV1/BqWfW/kkg71UDcHJyTQ==
